<?xml version="1.0" encoding="utf-8"?>
<Project ToolsVersion="4.0" xmlns="http://schemas.microsoft.com/developer/msbuild/2003">
  <ItemGroup>
    <Filter Include="Assets">
      <UniqueIdentifier>{3824E0A7-24C6-0A7E-0D81-1ED2F9C191CE}</UniqueIdentifier>
    </Filter>
    <Filter Include="Assets\Fonts">
      <UniqueIdentifier>{7158FC89-5DBB-8B2E-0641-C4E4F28257B1}</UniqueIdentifier>
    </Filter>
    <Filter Include="Assets\Shaders">
      <UniqueIdentifier>{1101E1D1-FDCE-D4D7-E662-45FED2CFB03C}</UniqueIdentifier>
    </Filter>
    <Filter Include="Assets\Sounds">
      <UniqueIdentifier>{6332DEE7-CFF2-591E-982D-A39B04AD9EFA}</UniqueIdentifier>
    </Filter>
    <Filter Include="Assets\Textures">
      <UniqueIdentifier>{0B35254A-77C0-920E-80D1-1503ECDBEE0E}</UniqueIdentifier>
    </Filter>
    <Filter Include="Assets\objects">
      <UniqueIdentifier>{1113E42F-FDE0-D735-E674-485CD2E1B39A}</UniqueIdentifier>
    </Filter>
    <Filter Include="Assets\objects\backpack">
      <UniqueIdentifier>{1061784B-7C98-C0E2-85A2-2406F158E7DB}</UniqueIdentifier>
    </Filter>
    <Filter Include="src">
      <UniqueIdentifier>{2DAB880B-99B4-887C-2230-9F7C8E38947C}</UniqueIdentifier>
    </Filter>
  </ItemGroup>
  <ItemGroup>
    <ClCompile Include="src\FlapiEditor.cpp">
      <Filter>src</Filter>
    </ClCompile>
    <ClCompile Include="src\EditorLayer.cpp" />
  </ItemGroup>
  <ItemGroup>
    <None Include="Assets\Fonts\BodoniFLF-Roman.ttf">
      <Filter>Assets\Fonts</Filter>
    </None>
    <None Include="Assets\Fonts\Montserrat-Regular.ttf">
      <Filter>Assets\Fonts</Filter>
    </None>
    <None Include="Assets\Fonts\Orange-Kid.otf">
      <Filter>Assets\Fonts</Filter>
    </None>
    <None Include="Assets\Shaders\model_loading.frag">
      <Filter>Assets\Shaders</Filter>
    </None>
    <None Include="Assets\Shaders\model_loading.vert">
      <Filter>Assets\Shaders</Filter>
    </None>
    <None Include="Assets\Shaders\shader.frag">
      <Filter>Assets\Shaders</Filter>
    </None>
    <None Include="Assets\Shaders\shader.vert">
      <Filter>Assets\Shaders</Filter>
    </None>
    <None Include="Assets\Shaders\shader2D.frag">
      <Filter>Assets\Shaders</Filter>
    </None>
    <None Include="Assets\Shaders\shader2D.vert">
      <Filter>Assets\Shaders</Filter>
    </None>
    <None Include="Assets\Shaders\text.frag">
      <Filter>Assets\Shaders</Filter>
    </None>
    <None Include="Assets\Shaders\text.vert">
      <Filter>Assets\Shaders</Filter>
    </None>
    <None Include="Assets\Sounds\point.wav">
      <Filter>Assets\Sounds</Filter>
    </None>
    <None Include="Assets\Sounds\pong.wav">
      <Filter>Assets\Sounds</Filter>
    </None>
    <None Include="Assets\Sounds\win.wav">
      <Filter>Assets\Sounds</Filter>
    </None>
    <None Include="Assets\objects\backpack\backpack.mtl">
      <Filter>Assets\objects\backpack</Filter>
    </None>
    <None Include="Assets\objects\backpack\backpack.obj">
      <Filter>Assets\objects\backpack</Filter>
    </None>
    <None Include="Assets\objects\backpack\source_attribution.txt">
      <Filter>Assets\objects\backpack</Filter>
    </None>
  </ItemGroup>
  <ItemGroup>
    <Image Include="Assets\Textures\awesomeface.png">
      <Filter>Assets\Textures</Filter>
    </Image>
    <Image Include="Assets\Textures\checkerboard.png">
      <Filter>Assets\Textures</Filter>
    </Image>
    <Image Include="Assets\Textures\container.png">
      <Filter>Assets\Textures</Filter>
    </Image>
    <Image Include="Assets\Textures\tilemap.png">
      <Filter>Assets\Textures</Filter>
    </Image>
    <Image Include="Assets\objects\backpack\ao.jpg">
      <Filter>Assets\objects\backpack</Filter>
    </Image>
    <Image Include="Assets\objects\backpack\diffuse.jpg">
      <Filter>Assets\objects\backpack</Filter>
    </Image>
    <Image Include="Assets\objects\backpack\normal.png">
      <Filter>Assets\objects\backpack</Filter>
    </Image>
    <Image Include="Assets\objects\backpack\roughness.jpg">
      <Filter>Assets\objects\backpack</Filter>
    </Image>
    <Image Include="Assets\objects\backpack\specular.jpg">
      <Filter>Assets\objects\backpack</Filter>
    </Image>
  </ItemGroup>
  <ItemGroup>
    <ClInclude Include="src\EditorLayer.h" />
  </ItemGroup>
</Project>